PODS:
  - Alamofire (5.4.3)
  - Kingfisher (6.3.0)
  - PKHUD (5.3.0)
  - Realm (10.7.5):
    - Realm/Headers (= 10.7.5)
  - Realm/Headers (10.7.5)
  - RealmSwift (10.7.5):
    - Realm (= 10.7.5)
  - SwiftMessages (9.0.2):
    - SwiftMessages/App (= 9.0.2)
  - SwiftMessages/App (9.0.2)

DEPENDENCIES:
  - Alamofire (~> 5.2)
  - Kingfisher (~> 6.0)
  - PKHUD
  - RealmSwift
  - SwiftMessages

SPEC REPOS:
  trunk:
    - Alamofire
    - Kingfisher
    - PKHUD
    - Realm
    - RealmSwift
    - SwiftMessages

SPEC CHECKSUMS:
  Alamofire: e447a2774a40c996748296fa2c55112fdbbc42f9
  Kingfisher: 6c3df386db71d82c0817a429d2c9421a77396529
  PKHUD: 98f3e4bc904b9c916f1c5bb6d765365b5357291b
  Realm: 06f5c67f87cb8c5f27b122218ce22e9a77314517
  RealmSwift: b46535b52e69b9ed33912f0fcb3182ab0a5743ee
  SwiftMessages: 77b847d1405f99046ffbd0d856bc7d73e6892686

PODFILE CHECKSUM: 5e47f4966157ee652ddd379cde75c3025be820b6

COCOAPODS: 1.10.1
