// !$*UTF8*$!
{
	archiveVersion = 1;
	classes = {
	};
	objectVersion = 51;
	objects = {

/* Begin PBXBuildFile section */
		19FE51F0012778B4BBC3B7C4 /* Pods_BTSPocket.framework in Frameworks */ = {isa = PBXBuildFile; fileRef = 437730309A3DB897BF6F3594 /* Pods_BTSPocket.framework */; };
		2B1BB9F02631C5E40060231F /* SkillsTableViewCell.swift in Sources */ = {isa = PBXBuildFile; fileRef = 2B1BB9EE2631C5E40060231F /* SkillsTableViewCell.swift */; };
		2B1BB9F12631C5E40060231F /* SkillsTableViewCell.xib in Resources */ = {isa = PBXBuildFile; fileRef = 2B1BB9EF2631C5E40060231F /* SkillsTableViewCell.xib */; };
		2B47ADDC2638B04000AA880F /* TeamsViewModel.swift in Sources */ = {isa = PBXBuildFile; fileRef = 2B47ADDB2638B04000AA880F /* TeamsViewModel.swift */; };
		2B47ADE02638B1F500AA880F /* UserTableViewCell.swift in Sources */ = {isa = PBXBuildFile; fileRef = 2B47ADDE2638B1F500AA880F /* UserTableViewCell.swift */; };
		2B47ADE12638B1F500AA880F /* UserTableViewCell.xib in Resources */ = {isa = PBXBuildFile; fileRef = 2B47ADDF2638B1F500AA880F /* UserTableViewCell.xib */; };
		2B47ADE72638E22400AA880F /* User.swift in Sources */ = {isa = PBXBuildFile; fileRef = 2B47ADE62638E22400AA880F /* User.swift */; };
		2B47ADEA2638E27300AA880F /* PaginationResponse.swift in Sources */ = {isa = PBXBuildFile; fileRef = 2B47ADE92638E27300AA880F /* PaginationResponse.swift */; };
		2B47ADF12638E48200AA880F /* PaginationAllUsers.swift in Sources */ = {isa = PBXBuildFile; fileRef = 2B47ADF02638E48200AA880F /* PaginationAllUsers.swift */; };
		2B47ADF42638E69700AA880F /* AllUsersReponse.swift in Sources */ = {isa = PBXBuildFile; fileRef = 2B47ADF32638E69700AA880F /* AllUsersReponse.swift */; };
		2B67A32126334D8F00006589 /* UIViewController+extensions.swift in Sources */ = {isa = PBXBuildFile; fileRef = 2B67A32026334D8F00006589 /* UIViewController+extensions.swift */; };
		2B798E742625F68800394FF7 /* ProfileTableViewCell.swift in Sources */ = {isa = PBXBuildFile; fileRef = 2B798E722625F68700394FF7 /* ProfileTableViewCell.swift */; };
		2B798E752625F68800394FF7 /* ProfileTableViewCell.xib in Resources */ = {isa = PBXBuildFile; fileRef = 2B798E732625F68800394FF7 /* ProfileTableViewCell.xib */; };
		2B798E7C2625F6C100394FF7 /* LoginData.swift in Sources */ = {isa = PBXBuildFile; fileRef = 2B798E772625F6BE00394FF7 /* LoginData.swift */; };
		2B798E7E2625F6C100394FF7 /* Skill.swift in Sources */ = {isa = PBXBuildFile; fileRef = 2B798E792625F6BF00394FF7 /* Skill.swift */; };
		2B798E7F2625F6C100394FF7 /* ProfileData.swift in Sources */ = {isa = PBXBuildFile; fileRef = 2B798E7A2625F6C000394FF7 /* ProfileData.swift */; };
		2B798E802625F6C100394FF7 /* Permissions.swift in Sources */ = {isa = PBXBuildFile; fileRef = 2B798E7B2625F6C100394FF7 /* Permissions.swift */; };
		2B798E832625F6CD00394FF7 /* Experience.swift in Sources */ = {isa = PBXBuildFile; fileRef = 2B798E822625F6CD00394FF7 /* Experience.swift */; };
		2B798E872625F6DA00394FF7 /* LoginResponse.swift in Sources */ = {isa = PBXBuildFile; fileRef = 2B798E852625F6D900394FF7 /* LoginResponse.swift */; };
		2B798E882625F6DA00394FF7 /* ProfileResponse.swift in Sources */ = {isa = PBXBuildFile; fileRef = 2B798E862625F6D900394FF7 /* ProfileResponse.swift */; };
		2B798E8F2625F76000394FF7 /* ProfileViewModel.swift in Sources */ = {isa = PBXBuildFile; fileRef = 2B798E8E2625F76000394FF7 /* ProfileViewModel.swift */; };
		2B798EA62625F9ED00394FF7 /* Alert.swift in Sources */ = {isa = PBXBuildFile; fileRef = 2B798EA52625F9ED00394FF7 /* Alert.swift */; };
		2B798EA92625FA1300394FF7 /* UIImage+extension.swift in Sources */ = {isa = PBXBuildFile; fileRef = 2B798EA82625FA1300394FF7 /* UIImage+extension.swift */; };
		2B798EAD262601B500394FF7 /* ProfileDataRealm.swift in Sources */ = {isa = PBXBuildFile; fileRef = 2B798EAC262601B500394FF7 /* ProfileDataRealm.swift */; };
		2BC591ED2627443C00F9A6EA /* ExperienceRealm.swift in Sources */ = {isa = PBXBuildFile; fileRef = 2BC591EC2627443C00F9A6EA /* ExperienceRealm.swift */; };
		2BC591F42627493F00F9A6EA /* SkillRealm.swift in Sources */ = {isa = PBXBuildFile; fileRef = 2BC591F32627493F00F9A6EA /* SkillRealm.swift */; };
		2BF892F7260C012300061491 /* AppDelegate.swift in Sources */ = {isa = PBXBuildFile; fileRef = 2BF892F6260C012300061491 /* AppDelegate.swift */; };
		2BF892F9260C012300061491 /* SceneDelegate.swift in Sources */ = {isa = PBXBuildFile; fileRef = 2BF892F8260C012300061491 /* SceneDelegate.swift */; };
		2BF892FE260C012300061491 /* Main.storyboard in Resources */ = {isa = PBXBuildFile; fileRef = 2BF892FC260C012300061491 /* Main.storyboard */; };
		2BF89300260C012600061491 /* Assets.xcassets in Resources */ = {isa = PBXBuildFile; fileRef = 2BF892FF260C012600061491 /* Assets.xcassets */; };
		2BF89303260C012700061491 /* LaunchScreen.storyboard in Resources */ = {isa = PBXBuildFile; fileRef = 2BF89301260C012700061491 /* LaunchScreen.storyboard */; };
		2BF8930F260C07B800061491 /* LoginViewController.swift in Sources */ = {isa = PBXBuildFile; fileRef = 2BF8930E260C07B800061491 /* LoginViewController.swift */; };
		2BF89320260CE20900061491 /* Login.swift in Sources */ = {isa = PBXBuildFile; fileRef = 2BF8931F260CE20900061491 /* Login.swift */; };
		2BF89339260D0D6A00061491 /* HomeTabBarController.swift in Sources */ = {isa = PBXBuildFile; fileRef = 2BF89338260D0D6A00061491 /* HomeTabBarController.swift */; };
		2BF89346260D217C00061491 /* ProfileViewController.swift in Sources */ = {isa = PBXBuildFile; fileRef = 2BF89345260D217C00061491 /* ProfileViewController.swift */; };
		2BF8934B260D21AF00061491 /* TeamViewController.swift in Sources */ = {isa = PBXBuildFile; fileRef = 2BF8934A260D21AF00061491 /* TeamViewController.swift */; };
		2BF89350260D225400061491 /* ProjectsViewController.swift in Sources */ = {isa = PBXBuildFile; fileRef = 2BF8934F260D225400061491 /* ProjectsViewController.swift */; };
		2BF89355260D227B00061491 /* TimesheetViewController.swift in Sources */ = {isa = PBXBuildFile; fileRef = 2BF89354260D227B00061491 /* TimesheetViewController.swift */; };
		FF01E879264DC4DE004687E7 /* Montserrat-LightItalic.ttf in Resources */ = {isa = PBXBuildFile; fileRef = FF01E866264DC4DE004687E7 /* Montserrat-LightItalic.ttf */; };
		FF01E87A264DC4DE004687E7 /* Montserrat-Medium.ttf in Resources */ = {isa = PBXBuildFile; fileRef = FF01E867264DC4DE004687E7 /* Montserrat-Medium.ttf */; };
		FF01E87B264DC4DE004687E7 /* Montserrat-BoldItalic.ttf in Resources */ = {isa = PBXBuildFile; fileRef = FF01E868264DC4DE004687E7 /* Montserrat-BoldItalic.ttf */; };
		FF01E87C264DC4DE004687E7 /* Montserrat-Light.ttf in Resources */ = {isa = PBXBuildFile; fileRef = FF01E869264DC4DE004687E7 /* Montserrat-Light.ttf */; };
		FF01E87D264DC4DE004687E7 /* Montserrat-ThinItalic.ttf in Resources */ = {isa = PBXBuildFile; fileRef = FF01E86A264DC4DE004687E7 /* Montserrat-ThinItalic.ttf */; };
		FF01E87E264DC4DE004687E7 /* Montserrat-ExtraLight.ttf in Resources */ = {isa = PBXBuildFile; fileRef = FF01E86B264DC4DE004687E7 /* Montserrat-ExtraLight.ttf */; };
		FF01E87F264DC4DE004687E7 /* Montserrat-Thin.ttf in Resources */ = {isa = PBXBuildFile; fileRef = FF01E86C264DC4DE004687E7 /* Montserrat-Thin.ttf */; };
		FF01E880264DC4DE004687E7 /* Montserrat-Bold.ttf in Resources */ = {isa = PBXBuildFile; fileRef = FF01E86D264DC4DE004687E7 /* Montserrat-Bold.ttf */; };
		FF01E881264DC4DE004687E7 /* Montserrat-MediumItalic.ttf in Resources */ = {isa = PBXBuildFile; fileRef = FF01E86E264DC4DE004687E7 /* Montserrat-MediumItalic.ttf */; };
		FF01E882264DC4DE004687E7 /* Montserrat-BlackItalic.ttf in Resources */ = {isa = PBXBuildFile; fileRef = FF01E86F264DC4DE004687E7 /* Montserrat-BlackItalic.ttf */; };
		FF01E883264DC4DE004687E7 /* Montserrat-SemiBold.ttf in Resources */ = {isa = PBXBuildFile; fileRef = FF01E870264DC4DE004687E7 /* Montserrat-SemiBold.ttf */; };
		FF01E884264DC4DE004687E7 /* Montserrat-ExtraLightItalic.ttf in Resources */ = {isa = PBXBuildFile; fileRef = FF01E871264DC4DE004687E7 /* Montserrat-ExtraLightItalic.ttf */; };
		FF01E885264DC4DE004687E7 /* Montserrat-ExtraBold.ttf in Resources */ = {isa = PBXBuildFile; fileRef = FF01E872264DC4DE004687E7 /* Montserrat-ExtraBold.ttf */; };
		FF01E886264DC4DE004687E7 /* OFL.txt in Resources */ = {isa = PBXBuildFile; fileRef = FF01E873264DC4DE004687E7 /* OFL.txt */; };
		FF01E887264DC4DE004687E7 /* Montserrat-Black.ttf in Resources */ = {isa = PBXBuildFile; fileRef = FF01E874264DC4DE004687E7 /* Montserrat-Black.ttf */; };
		FF01E888264DC4DE004687E7 /* Montserrat-Regular.ttf in Resources */ = {isa = PBXBuildFile; fileRef = FF01E875264DC4DE004687E7 /* Montserrat-Regular.ttf */; };
		FF01E889264DC4DE004687E7 /* Montserrat-Italic.ttf in Resources */ = {isa = PBXBuildFile; fileRef = FF01E876264DC4DE004687E7 /* Montserrat-Italic.ttf */; };
		FF01E88A264DC4DE004687E7 /* Montserrat-SemiBoldItalic.ttf in Resources */ = {isa = PBXBuildFile; fileRef = FF01E877264DC4DE004687E7 /* Montserrat-SemiBoldItalic.ttf */; };
		FF01E88B264DC4DE004687E7 /* Montserrat-ExtraBoldItalic.ttf in Resources */ = {isa = PBXBuildFile; fileRef = FF01E878264DC4DE004687E7 /* Montserrat-ExtraBoldItalic.ttf */; };
		FF0DDFC9260D3FEF003F2224 /* BackendResponse.swift in Sources */ = {isa = PBXBuildFile; fileRef = FF0DDFC8260D3FEF003F2224 /* BackendResponse.swift */; };
		FF0DDFD1260D40D3003F2224 /* KeychainWrapper.swift in Sources */ = {isa = PBXBuildFile; fileRef = FF0DDFCF260D40D3003F2224 /* KeychainWrapper.swift */; };
		FF0DDFD2260D40D3003F2224 /* KeychainItemAccessibility.swift in Sources */ = {isa = PBXBuildFile; fileRef = FF0DDFD0260D40D3003F2224 /* KeychainItemAccessibility.swift */; };
		FF0DDFDA260D47F9003F2224 /* BTSApi.swift in Sources */ = {isa = PBXBuildFile; fileRef = FF0DDFD9260D47F9003F2224 /* BTSApi.swift */; };
		FF0DDFDE260D48A1003F2224 /* WSAPI.swift in Sources */ = {isa = PBXBuildFile; fileRef = FF0DDFDD260D48A1003F2224 /* WSAPI.swift */; };
		FF0DDFE1260D491B003F2224 /* Array+extensions.swift in Sources */ = {isa = PBXBuildFile; fileRef = FF0DDFE0260D491B003F2224 /* Array+extensions.swift */; };
		FF0DDFE4260D4943003F2224 /* Constants.swift in Sources */ = {isa = PBXBuildFile; fileRef = FF0DDFE3260D4943003F2224 /* Constants.swift */; };
		FF0DDFE8260D4ACB003F2224 /* Dictionary+extensions.swift in Sources */ = {isa = PBXBuildFile; fileRef = FF0DDFE7260D4ACB003F2224 /* Dictionary+extensions.swift */; };
		FF0DDFEB260D4BFF003F2224 /* String+extensions.swift in Sources */ = {isa = PBXBuildFile; fileRef = FF0DDFEA260D4BFF003F2224 /* String+extensions.swift */; };
		FF0DDFEF260D4D6C003F2224 /* BTSPlatformEndpoints.swift in Sources */ = {isa = PBXBuildFile; fileRef = FF0DDFEE260D4D6C003F2224 /* BTSPlatformEndpoints.swift */; };
		FF0DDFF4260D50AB003F2224 /* LoginViewModel.swift in Sources */ = {isa = PBXBuildFile; fileRef = FF0DDFF3260D50AB003F2224 /* LoginViewModel.swift */; };
		FF534C5A264AC6360085758A /* UIColor+extensions.swift in Sources */ = {isa = PBXBuildFile; fileRef = FF534C59264AC6360085758A /* UIColor+extensions.swift */; };
		FF534C5C264AC9060085758A /* UITextField+extensions.swift in Sources */ = {isa = PBXBuildFile; fileRef = FF534C5B264AC9060085758A /* UITextField+extensions.swift */; };
		FF5CB627263079760080B4B9 /* LAContext+extension.swift in Sources */ = {isa = PBXBuildFile; fileRef = FF5CB626263079760080B4B9 /* LAContext+extension.swift */; };
		FFCC48DF2620B59B0030527D /* RealmAPI.swift in Sources */ = {isa = PBXBuildFile; fileRef = FFCC48DE2620B59B0030527D /* RealmAPI.swift */; };
		FFCC48E42620B6BE0030527D /* Storyboard.swift in Sources */ = {isa = PBXBuildFile; fileRef = FFCC48E32620B6BE0030527D /* Storyboard.swift */; };
		FFCC48E72620B7550030527D /* MessageManager.swift in Sources */ = {isa = PBXBuildFile; fileRef = FFCC48E62620B7550030527D /* MessageManager.swift */; };
		FFCC48FC2620BB480030527D /* UITableView+extensions.swift in Sources */ = {isa = PBXBuildFile; fileRef = FFCC48FB2620BB480030527D /* UITableView+extensions.swift */; };
		FFCC49002620BC4C0030527D /* NSMutableAttributedString+extensions.swift in Sources */ = {isa = PBXBuildFile; fileRef = FFCC48FE2620BC4C0030527D /* NSMutableAttributedString+extensions.swift */; };
		FFCC49012620BC4C0030527D /* NSAttributedString+extensions.swift in Sources */ = {isa = PBXBuildFile; fileRef = FFCC48FF2620BC4C0030527D /* NSAttributedString+extensions.swift */; };
		FFCC49042620BE7A0030527D /* UIView+extensions.swift in Sources */ = {isa = PBXBuildFile; fileRef = FFCC49032620BE7A0030527D /* UIView+extensions.swift */; };
		FFCC490E2620C0420030527D /* Persistable.swift in Sources */ = {isa = PBXBuildFile; fileRef = FFCC490D2620C0420030527D /* Persistable.swift */; };
		FFFA72BA264ACEF60082D510 /* Bundle+extensions.swift in Sources */ = {isa = PBXBuildFile; fileRef = FFFA72B9264ACEF60082D510 /* Bundle+extensions.swift */; };
/* End PBXBuildFile section */

/* Begin PBXFileReference section */
		2B1BB9EE2631C5E40060231F /* SkillsTableViewCell.swift */ = {isa = PBXFileReference; lastKnownFileType = sourcecode.swift; path = SkillsTableViewCell.swift; sourceTree = "<group>"; };
		2B1BB9EF2631C5E40060231F /* SkillsTableViewCell.xib */ = {isa = PBXFileReference; lastKnownFileType = file.xib; path = SkillsTableViewCell.xib; sourceTree = "<group>"; };
		2B47ADDB2638B04000AA880F /* TeamsViewModel.swift */ = {isa = PBXFileReference; lastKnownFileType = sourcecode.swift; path = TeamsViewModel.swift; sourceTree = "<group>"; };
		2B47ADDE2638B1F500AA880F /* UserTableViewCell.swift */ = {isa = PBXFileReference; lastKnownFileType = sourcecode.swift; path = UserTableViewCell.swift; sourceTree = "<group>"; };
		2B47ADDF2638B1F500AA880F /* UserTableViewCell.xib */ = {isa = PBXFileReference; lastKnownFileType = file.xib; path = UserTableViewCell.xib; sourceTree = "<group>"; };
		2B47ADE62638E22400AA880F /* User.swift */ = {isa = PBXFileReference; lastKnownFileType = sourcecode.swift; path = User.swift; sourceTree = "<group>"; };
		2B47ADE92638E27300AA880F /* PaginationResponse.swift */ = {isa = PBXFileReference; lastKnownFileType = sourcecode.swift; path = PaginationResponse.swift; sourceTree = "<group>"; };
		2B47ADF02638E48200AA880F /* PaginationAllUsers.swift */ = {isa = PBXFileReference; lastKnownFileType = sourcecode.swift; path = PaginationAllUsers.swift; sourceTree = "<group>"; };
		2B47ADF32638E69700AA880F /* AllUsersReponse.swift */ = {isa = PBXFileReference; lastKnownFileType = sourcecode.swift; path = AllUsersReponse.swift; sourceTree = "<group>"; };
		2B67A32026334D8F00006589 /* UIViewController+extensions.swift */ = {isa = PBXFileReference; lastKnownFileType = sourcecode.swift; path = "UIViewController+extensions.swift"; sourceTree = "<group>"; };
		2B798E722625F68700394FF7 /* ProfileTableViewCell.swift */ = {isa = PBXFileReference; fileEncoding = 4; lastKnownFileType = sourcecode.swift; path = ProfileTableViewCell.swift; sourceTree = "<group>"; };
		2B798E732625F68800394FF7 /* ProfileTableViewCell.xib */ = {isa = PBXFileReference; fileEncoding = 4; lastKnownFileType = file.xib; path = ProfileTableViewCell.xib; sourceTree = "<group>"; };
		2B798E772625F6BE00394FF7 /* LoginData.swift */ = {isa = PBXFileReference; fileEncoding = 4; lastKnownFileType = sourcecode.swift; path = LoginData.swift; sourceTree = "<group>"; };
		2B798E792625F6BF00394FF7 /* Skill.swift */ = {isa = PBXFileReference; fileEncoding = 4; lastKnownFileType = sourcecode.swift; path = Skill.swift; sourceTree = "<group>"; };
		2B798E7A2625F6C000394FF7 /* ProfileData.swift */ = {isa = PBXFileReference; fileEncoding = 4; lastKnownFileType = sourcecode.swift; path = ProfileData.swift; sourceTree = "<group>"; };
		2B798E7B2625F6C100394FF7 /* Permissions.swift */ = {isa = PBXFileReference; fileEncoding = 4; lastKnownFileType = sourcecode.swift; path = Permissions.swift; sourceTree = "<group>"; };
		2B798E822625F6CD00394FF7 /* Experience.swift */ = {isa = PBXFileReference; fileEncoding = 4; lastKnownFileType = sourcecode.swift; path = Experience.swift; sourceTree = "<group>"; };
		2B798E852625F6D900394FF7 /* LoginResponse.swift */ = {isa = PBXFileReference; fileEncoding = 4; lastKnownFileType = sourcecode.swift; path = LoginResponse.swift; sourceTree = "<group>"; };
		2B798E862625F6D900394FF7 /* ProfileResponse.swift */ = {isa = PBXFileReference; fileEncoding = 4; lastKnownFileType = sourcecode.swift; path = ProfileResponse.swift; sourceTree = "<group>"; };
		2B798E8E2625F76000394FF7 /* ProfileViewModel.swift */ = {isa = PBXFileReference; fileEncoding = 4; lastKnownFileType = sourcecode.swift; path = ProfileViewModel.swift; sourceTree = "<group>"; };
		2B798EA52625F9ED00394FF7 /* Alert.swift */ = {isa = PBXFileReference; fileEncoding = 4; lastKnownFileType = sourcecode.swift; path = Alert.swift; sourceTree = "<group>"; };
		2B798EA82625FA1300394FF7 /* UIImage+extension.swift */ = {isa = PBXFileReference; fileEncoding = 4; lastKnownFileType = sourcecode.swift; path = "UIImage+extension.swift"; sourceTree = "<group>"; };
		2B798EAC262601B500394FF7 /* ProfileDataRealm.swift */ = {isa = PBXFileReference; lastKnownFileType = sourcecode.swift; path = ProfileDataRealm.swift; sourceTree = "<group>"; };
		2BC591EC2627443C00F9A6EA /* ExperienceRealm.swift */ = {isa = PBXFileReference; lastKnownFileType = sourcecode.swift; path = ExperienceRealm.swift; sourceTree = "<group>"; };
		2BC591F32627493F00F9A6EA /* SkillRealm.swift */ = {isa = PBXFileReference; lastKnownFileType = sourcecode.swift; path = SkillRealm.swift; sourceTree = "<group>"; };
		2BF892F3260C012300061491 /* BTSPocket.app */ = {isa = PBXFileReference; explicitFileType = wrapper.application; includeInIndex = 0; path = BTSPocket.app; sourceTree = BUILT_PRODUCTS_DIR; };
		2BF892F6260C012300061491 /* AppDelegate.swift */ = {isa = PBXFileReference; lastKnownFileType = sourcecode.swift; path = AppDelegate.swift; sourceTree = "<group>"; };
		2BF892F8260C012300061491 /* SceneDelegate.swift */ = {isa = PBXFileReference; lastKnownFileType = sourcecode.swift; path = SceneDelegate.swift; sourceTree = "<group>"; };
		2BF892FD260C012300061491 /* Base */ = {isa = PBXFileReference; lastKnownFileType = file.storyboard; name = Base; path = Base.lproj/Main.storyboard; sourceTree = "<group>"; };
		2BF892FF260C012600061491 /* Assets.xcassets */ = {isa = PBXFileReference; lastKnownFileType = folder.assetcatalog; path = Assets.xcassets; sourceTree = "<group>"; };
		2BF89302260C012700061491 /* Base */ = {isa = PBXFileReference; lastKnownFileType = file.storyboard; name = Base; path = Base.lproj/LaunchScreen.storyboard; sourceTree = "<group>"; };
		2BF89304260C012700061491 /* Info.plist */ = {isa = PBXFileReference; lastKnownFileType = text.plist.xml; path = Info.plist; sourceTree = "<group>"; };
		2BF8930E260C07B800061491 /* LoginViewController.swift */ = {isa = PBXFileReference; lastKnownFileType = sourcecode.swift; path = LoginViewController.swift; sourceTree = "<group>"; };
		2BF8931F260CE20900061491 /* Login.swift */ = {isa = PBXFileReference; lastKnownFileType = sourcecode.swift; path = Login.swift; sourceTree = "<group>"; };
		2BF89338260D0D6A00061491 /* HomeTabBarController.swift */ = {isa = PBXFileReference; lastKnownFileType = sourcecode.swift; path = HomeTabBarController.swift; sourceTree = "<group>"; };
		2BF89345260D217C00061491 /* ProfileViewController.swift */ = {isa = PBXFileReference; lastKnownFileType = sourcecode.swift; path = ProfileViewController.swift; sourceTree = "<group>"; };
		2BF8934A260D21AF00061491 /* TeamViewController.swift */ = {isa = PBXFileReference; lastKnownFileType = sourcecode.swift; path = TeamViewController.swift; sourceTree = "<group>"; };
		2BF8934F260D225400061491 /* ProjectsViewController.swift */ = {isa = PBXFileReference; lastKnownFileType = sourcecode.swift; path = ProjectsViewController.swift; sourceTree = "<group>"; };
		2BF89354260D227B00061491 /* TimesheetViewController.swift */ = {isa = PBXFileReference; lastKnownFileType = sourcecode.swift; path = TimesheetViewController.swift; sourceTree = "<group>"; };
		437730309A3DB897BF6F3594 /* Pods_BTSPocket.framework */ = {isa = PBXFileReference; explicitFileType = wrapper.framework; includeInIndex = 0; path = Pods_BTSPocket.framework; sourceTree = BUILT_PRODUCTS_DIR; };
		564EA659F6833BAABE1829D6 /* Pods-BTSPocket.release.xcconfig */ = {isa = PBXFileReference; includeInIndex = 1; lastKnownFileType = text.xcconfig; name = "Pods-BTSPocket.release.xcconfig"; path = "Target Support Files/Pods-BTSPocket/Pods-BTSPocket.release.xcconfig"; sourceTree = "<group>"; };
		BF25BEADE97BBAD938413DEB /* Pods-BTSPocket.debug.xcconfig */ = {isa = PBXFileReference; includeInIndex = 1; lastKnownFileType = text.xcconfig; name = "Pods-BTSPocket.debug.xcconfig"; path = "Target Support Files/Pods-BTSPocket/Pods-BTSPocket.debug.xcconfig"; sourceTree = "<group>"; };
		FF01E866264DC4DE004687E7 /* Montserrat-LightItalic.ttf */ = {isa = PBXFileReference; lastKnownFileType = file; path = "Montserrat-LightItalic.ttf"; sourceTree = "<group>"; };
		FF01E867264DC4DE004687E7 /* Montserrat-Medium.ttf */ = {isa = PBXFileReference; lastKnownFileType = file; path = "Montserrat-Medium.ttf"; sourceTree = "<group>"; };
		FF01E868264DC4DE004687E7 /* Montserrat-BoldItalic.ttf */ = {isa = PBXFileReference; lastKnownFileType = file; path = "Montserrat-BoldItalic.ttf"; sourceTree = "<group>"; };
		FF01E869264DC4DE004687E7 /* Montserrat-Light.ttf */ = {isa = PBXFileReference; lastKnownFileType = file; path = "Montserrat-Light.ttf"; sourceTree = "<group>"; };
		FF01E86A264DC4DE004687E7 /* Montserrat-ThinItalic.ttf */ = {isa = PBXFileReference; lastKnownFileType = file; path = "Montserrat-ThinItalic.ttf"; sourceTree = "<group>"; };
		FF01E86B264DC4DE004687E7 /* Montserrat-ExtraLight.ttf */ = {isa = PBXFileReference; lastKnownFileType = file; path = "Montserrat-ExtraLight.ttf"; sourceTree = "<group>"; };
		FF01E86C264DC4DE004687E7 /* Montserrat-Thin.ttf */ = {isa = PBXFileReference; lastKnownFileType = file; path = "Montserrat-Thin.ttf"; sourceTree = "<group>"; };
		FF01E86D264DC4DE004687E7 /* Montserrat-Bold.ttf */ = {isa = PBXFileReference; lastKnownFileType = file; path = "Montserrat-Bold.ttf"; sourceTree = "<group>"; };
		FF01E86E264DC4DE004687E7 /* Montserrat-MediumItalic.ttf */ = {isa = PBXFileReference; lastKnownFileType = file; path = "Montserrat-MediumItalic.ttf"; sourceTree = "<group>"; };
		FF01E86F264DC4DE004687E7 /* Montserrat-BlackItalic.ttf */ = {isa = PBXFileReference; lastKnownFileType = file; path = "Montserrat-BlackItalic.ttf"; sourceTree = "<group>"; };
		FF01E870264DC4DE004687E7 /* Montserrat-SemiBold.ttf */ = {isa = PBXFileReference; lastKnownFileType = file; path = "Montserrat-SemiBold.ttf"; sourceTree = "<group>"; };
		FF01E871264DC4DE004687E7 /* Montserrat-ExtraLightItalic.ttf */ = {isa = PBXFileReference; lastKnownFileType = file; path = "Montserrat-ExtraLightItalic.ttf"; sourceTree = "<group>"; };
		FF01E872264DC4DE004687E7 /* Montserrat-ExtraBold.ttf */ = {isa = PBXFileReference; lastKnownFileType = file; path = "Montserrat-ExtraBold.ttf"; sourceTree = "<group>"; };
		FF01E873264DC4DE004687E7 /* OFL.txt */ = {isa = PBXFileReference; fileEncoding = 4; lastKnownFileType = text; path = OFL.txt; sourceTree = "<group>"; };
		FF01E874264DC4DE004687E7 /* Montserrat-Black.ttf */ = {isa = PBXFileReference; lastKnownFileType = file; path = "Montserrat-Black.ttf"; sourceTree = "<group>"; };
		FF01E875264DC4DE004687E7 /* Montserrat-Regular.ttf */ = {isa = PBXFileReference; lastKnownFileType = file; path = "Montserrat-Regular.ttf"; sourceTree = "<group>"; };
		FF01E876264DC4DE004687E7 /* Montserrat-Italic.ttf */ = {isa = PBXFileReference; lastKnownFileType = file; path = "Montserrat-Italic.ttf"; sourceTree = "<group>"; };
		FF01E877264DC4DE004687E7 /* Montserrat-SemiBoldItalic.ttf */ = {isa = PBXFileReference; lastKnownFileType = file; path = "Montserrat-SemiBoldItalic.ttf"; sourceTree = "<group>"; };
		FF01E878264DC4DE004687E7 /* Montserrat-ExtraBoldItalic.ttf */ = {isa = PBXFileReference; lastKnownFileType = file; path = "Montserrat-ExtraBoldItalic.ttf"; sourceTree = "<group>"; };
		FF0DDFC8260D3FEF003F2224 /* BackendResponse.swift */ = {isa = PBXFileReference; lastKnownFileType = sourcecode.swift; path = BackendResponse.swift; sourceTree = "<group>"; };
		FF0DDFCF260D40D3003F2224 /* KeychainWrapper.swift */ = {isa = PBXFileReference; fileEncoding = 4; lastKnownFileType = sourcecode.swift; path = KeychainWrapper.swift; sourceTree = "<group>"; };
		FF0DDFD0260D40D3003F2224 /* KeychainItemAccessibility.swift */ = {isa = PBXFileReference; fileEncoding = 4; lastKnownFileType = sourcecode.swift; path = KeychainItemAccessibility.swift; sourceTree = "<group>"; };
		FF0DDFD9260D47F9003F2224 /* BTSApi.swift */ = {isa = PBXFileReference; lastKnownFileType = sourcecode.swift; path = BTSApi.swift; sourceTree = "<group>"; };
		FF0DDFDD260D48A1003F2224 /* WSAPI.swift */ = {isa = PBXFileReference; fileEncoding = 4; lastKnownFileType = sourcecode.swift; path = WSAPI.swift; sourceTree = "<group>"; };
		FF0DDFE0260D491B003F2224 /* Array+extensions.swift */ = {isa = PBXFileReference; lastKnownFileType = sourcecode.swift; path = "Array+extensions.swift"; sourceTree = "<group>"; };
		FF0DDFE3260D4943003F2224 /* Constants.swift */ = {isa = PBXFileReference; lastKnownFileType = sourcecode.swift; path = Constants.swift; sourceTree = "<group>"; };
		FF0DDFE7260D4ACB003F2224 /* Dictionary+extensions.swift */ = {isa = PBXFileReference; lastKnownFileType = sourcecode.swift; path = "Dictionary+extensions.swift"; sourceTree = "<group>"; };
		FF0DDFEA260D4BFF003F2224 /* String+extensions.swift */ = {isa = PBXFileReference; lastKnownFileType = sourcecode.swift; path = "String+extensions.swift"; sourceTree = "<group>"; };
		FF0DDFEE260D4D6C003F2224 /* BTSPlatformEndpoints.swift */ = {isa = PBXFileReference; lastKnownFileType = sourcecode.swift; path = BTSPlatformEndpoints.swift; sourceTree = "<group>"; };
		FF0DDFF3260D50AB003F2224 /* LoginViewModel.swift */ = {isa = PBXFileReference; lastKnownFileType = sourcecode.swift; path = LoginViewModel.swift; sourceTree = "<group>"; };
		FF534C59264AC6360085758A /* UIColor+extensions.swift */ = {isa = PBXFileReference; lastKnownFileType = sourcecode.swift; path = "UIColor+extensions.swift"; sourceTree = "<group>"; };
		FF534C5B264AC9060085758A /* UITextField+extensions.swift */ = {isa = PBXFileReference; lastKnownFileType = sourcecode.swift; path = "UITextField+extensions.swift"; sourceTree = "<group>"; };
		FF5CB626263079760080B4B9 /* LAContext+extension.swift */ = {isa = PBXFileReference; fileEncoding = 4; lastKnownFileType = sourcecode.swift; path = "LAContext+extension.swift"; sourceTree = "<group>"; };
		FFCC48DE2620B59B0030527D /* RealmAPI.swift */ = {isa = PBXFileReference; fileEncoding = 4; lastKnownFileType = sourcecode.swift; path = RealmAPI.swift; sourceTree = "<group>"; };
		FFCC48E32620B6BE0030527D /* Storyboard.swift */ = {isa = PBXFileReference; fileEncoding = 4; lastKnownFileType = sourcecode.swift; path = Storyboard.swift; sourceTree = "<group>"; };
		FFCC48E62620B7550030527D /* MessageManager.swift */ = {isa = PBXFileReference; fileEncoding = 4; lastKnownFileType = sourcecode.swift; path = MessageManager.swift; sourceTree = "<group>"; };
		FFCC48FB2620BB480030527D /* UITableView+extensions.swift */ = {isa = PBXFileReference; fileEncoding = 4; lastKnownFileType = sourcecode.swift; path = "UITableView+extensions.swift"; sourceTree = "<group>"; };
		FFCC48FE2620BC4C0030527D /* NSMutableAttributedString+extensions.swift */ = {isa = PBXFileReference; fileEncoding = 4; lastKnownFileType = sourcecode.swift; path = "NSMutableAttributedString+extensions.swift"; sourceTree = "<group>"; };
		FFCC48FF2620BC4C0030527D /* NSAttributedString+extensions.swift */ = {isa = PBXFileReference; fileEncoding = 4; lastKnownFileType = sourcecode.swift; path = "NSAttributedString+extensions.swift"; sourceTree = "<group>"; };
		FFCC49032620BE7A0030527D /* UIView+extensions.swift */ = {isa = PBXFileReference; fileEncoding = 4; lastKnownFileType = sourcecode.swift; path = "UIView+extensions.swift"; sourceTree = "<group>"; };
		FFCC490D2620C0420030527D /* Persistable.swift */ = {isa = PBXFileReference; fileEncoding = 4; lastKnownFileType = sourcecode.swift; path = Persistable.swift; sourceTree = "<group>"; };
		FFFA72B9264ACEF60082D510 /* Bundle+extensions.swift */ = {isa = PBXFileReference; lastKnownFileType = sourcecode.swift; path = "Bundle+extensions.swift"; sourceTree = "<group>"; };
/* End PBXFileReference section */

/* Begin PBXFrameworksBuildPhase section */
		2BF892F0260C012300061491 /* Frameworks */ = {
			isa = PBXFrameworksBuildPhase;
			buildActionMask = 2147483647;
			files = (
				19FE51F0012778B4BBC3B7C4 /* Pods_BTSPocket.framework in Frameworks */,
			);
			runOnlyForDeploymentPostprocessing = 0;
		};
/* End PBXFrameworksBuildPhase section */

/* Begin PBXGroup section */
		04316A44BB53D59FDEAAF4CC /* Frameworks */ = {
			isa = PBXGroup;
			children = (
				437730309A3DB897BF6F3594 /* Pods_BTSPocket.framework */,
			);
			name = Frameworks;
			sourceTree = "<group>";
		};
		2B1BB9F52631F3780060231F /* TableViewCells */ = {
			isa = PBXGroup;
			children = (
				2B798E722625F68700394FF7 /* ProfileTableViewCell.swift */,
				2B798E732625F68800394FF7 /* ProfileTableViewCell.xib */,
				2B1BB9EE2631C5E40060231F /* SkillsTableViewCell.swift */,
				2B1BB9EF2631C5E40060231F /* SkillsTableViewCell.xib */,
			);
			path = TableViewCells;
			sourceTree = "<group>";
		};
		2B798EA32625F9ED00394FF7 /* Components */ = {
			isa = PBXGroup;
			children = (
				2B798EA42625F9ED00394FF7 /* Alert */,
			);
			path = Components;
			sourceTree = "<group>";
		};
		2B798EA42625F9ED00394FF7 /* Alert */ = {
			isa = PBXGroup;
			children = (
				2B798EA52625F9ED00394FF7 /* Alert.swift */,
			);
			path = Alert;
			sourceTree = "<group>";
		};
		2B798EAB2626018300394FF7 /* Models */ = {
			isa = PBXGroup;
			children = (
				2B798EAC262601B500394FF7 /* ProfileDataRealm.swift */,
				2BC591EC2627443C00F9A6EA /* ExperienceRealm.swift */,
				2BC591F32627493F00F9A6EA /* SkillRealm.swift */,
			);
			path = Models;
			sourceTree = "<group>";
		};
		2BF892EA260C012300061491 = {
			isa = PBXGroup;
			children = (
				2BF892F5260C012300061491 /* BTSPocket */,
				2BF892F4260C012300061491 /* Products */,
				6315D35E6D5D6AA08DBCFB3D /* Pods */,
				04316A44BB53D59FDEAAF4CC /* Frameworks */,
			);
			sourceTree = "<group>";
		};
		2BF892F4260C012300061491 /* Products */ = {
			isa = PBXGroup;
			children = (
				2BF892F3260C012300061491 /* BTSPocket.app */,
			);
			name = Products;
			sourceTree = "<group>";
		};
		2BF892F5260C012300061491 /* BTSPocket */ = {
			isa = PBXGroup;
			children = (
				FF0DDFC4260D3F8F003F2224 /* Resources */,
				FFCC48DD2620B58A0030527D /* Persistence */,
				FF0DDFD8260D47C5003F2224 /* Networking */,
				2BF89333260CF3F700061491 /* Models */,
				FF0DDFF2260D5062003F2224 /* ViewModels */,
				2BF8933B260D207100061491 /* Controllers */,
				2BF89330260CF3B600061491 /* Views */,
				2BF892F8260C012300061491 /* SceneDelegate.swift */,
				2BF892F6260C012300061491 /* AppDelegate.swift */,
				2BF89304260C012700061491 /* Info.plist */,
				2BF89301260C012700061491 /* LaunchScreen.storyboard */,
				2BF892FF260C012600061491 /* Assets.xcassets */,
			);
			path = BTSPocket;
			sourceTree = "<group>";
		};
		2BF89330260CF3B600061491 /* Views */ = {
			isa = PBXGroup;
			children = (
				2BF892FC260C012300061491 /* Main.storyboard */,
			);
			path = Views;
			sourceTree = "<group>";
		};
		2BF89333260CF3F700061491 /* Models */ = {
			isa = PBXGroup;
			children = (
				FF0DDFCD260D402A003F2224 /* EndpointResponses */,
				2BF8935E260D27EF00061491 /* Entities */,
			);
			path = Models;
			sourceTree = "<group>";
		};
		2BF8933B260D207100061491 /* Controllers */ = {
			isa = PBXGroup;
			children = (
				2BF8933C260D20BF00061491 /* Login */,
				2BF8933D260D20CA00061491 /* HomeTabBar */,
				2BF8933F260D213300061491 /* Profile */,
				2BF89348260D218B00061491 /* Team */,
				2BF8934E260D224500061491 /* Project */,
				2BF89353260D225A00061491 /* Timesheet */,
			);
			path = Controllers;
			sourceTree = "<group>";
		};
		2BF8933C260D20BF00061491 /* Login */ = {
			isa = PBXGroup;
			children = (
				2BF8930E260C07B800061491 /* LoginViewController.swift */,
			);
			path = Login;
			sourceTree = "<group>";
		};
		2BF8933D260D20CA00061491 /* HomeTabBar */ = {
			isa = PBXGroup;
			children = (
				2BF89338260D0D6A00061491 /* HomeTabBarController.swift */,
			);
			path = HomeTabBar;
			sourceTree = "<group>";
		};
		2BF8933F260D213300061491 /* Profile */ = {
			isa = PBXGroup;
			children = (
				2B1BB9F52631F3780060231F /* TableViewCells */,
				2BF89345260D217C00061491 /* ProfileViewController.swift */,
			);
			path = Profile;
			sourceTree = "<group>";
		};
		2BF89348260D218B00061491 /* Team */ = {
			isa = PBXGroup;
			children = (
				2BF8934A260D21AF00061491 /* TeamViewController.swift */,
				2B47ADDE2638B1F500AA880F /* UserTableViewCell.swift */,
				2B47ADDF2638B1F500AA880F /* UserTableViewCell.xib */,
			);
			path = Team;
			sourceTree = "<group>";
		};
		2BF8934E260D224500061491 /* Project */ = {
			isa = PBXGroup;
			children = (
				2BF8934F260D225400061491 /* ProjectsViewController.swift */,
			);
			path = Project;
			sourceTree = "<group>";
		};
		2BF89353260D225A00061491 /* Timesheet */ = {
			isa = PBXGroup;
			children = (
				2BF89354260D227B00061491 /* TimesheetViewController.swift */,
			);
			path = Timesheet;
			sourceTree = "<group>";
		};
		2BF8935E260D27EF00061491 /* Entities */ = {
			isa = PBXGroup;
			children = (
				2BF8931F260CE20900061491 /* Login.swift */,
				2B798E772625F6BE00394FF7 /* LoginData.swift */,
				2B798E7B2625F6C100394FF7 /* Permissions.swift */,
				2B798E822625F6CD00394FF7 /* Experience.swift */,
				2B798E7A2625F6C000394FF7 /* ProfileData.swift */,
				2B798E792625F6BF00394FF7 /* Skill.swift */,
				2B47ADE62638E22400AA880F /* User.swift */,
				2B47ADF02638E48200AA880F /* PaginationAllUsers.swift */,
			);
			path = Entities;
			sourceTree = "<group>";
		};
		6315D35E6D5D6AA08DBCFB3D /* Pods */ = {
			isa = PBXGroup;
			children = (
				BF25BEADE97BBAD938413DEB /* Pods-BTSPocket.debug.xcconfig */,
				564EA659F6833BAABE1829D6 /* Pods-BTSPocket.release.xcconfig */,
			);
			path = Pods;
			sourceTree = "<group>";
		};
		FF01E864264DC4DE004687E7 /* Fonts */ = {
			isa = PBXGroup;
			children = (
				FF01E865264DC4DE004687E7 /* Montserrat */,
			);
			path = Fonts;
			sourceTree = "<group>";
		};
		FF01E865264DC4DE004687E7 /* Montserrat */ = {
			isa = PBXGroup;
			children = (
				FF01E873264DC4DE004687E7 /* OFL.txt */,
				FF01E866264DC4DE004687E7 /* Montserrat-LightItalic.ttf */,
				FF01E867264DC4DE004687E7 /* Montserrat-Medium.ttf */,
				FF01E868264DC4DE004687E7 /* Montserrat-BoldItalic.ttf */,
				FF01E869264DC4DE004687E7 /* Montserrat-Light.ttf */,
				FF01E86A264DC4DE004687E7 /* Montserrat-ThinItalic.ttf */,
				FF01E86B264DC4DE004687E7 /* Montserrat-ExtraLight.ttf */,
				FF01E86C264DC4DE004687E7 /* Montserrat-Thin.ttf */,
				FF01E86D264DC4DE004687E7 /* Montserrat-Bold.ttf */,
				FF01E86E264DC4DE004687E7 /* Montserrat-MediumItalic.ttf */,
				FF01E86F264DC4DE004687E7 /* Montserrat-BlackItalic.ttf */,
				FF01E870264DC4DE004687E7 /* Montserrat-SemiBold.ttf */,
				FF01E871264DC4DE004687E7 /* Montserrat-ExtraLightItalic.ttf */,
				FF01E872264DC4DE004687E7 /* Montserrat-ExtraBold.ttf */,
				FF01E874264DC4DE004687E7 /* Montserrat-Black.ttf */,
				FF01E875264DC4DE004687E7 /* Montserrat-Regular.ttf */,
				FF01E876264DC4DE004687E7 /* Montserrat-Italic.ttf */,
				FF01E877264DC4DE004687E7 /* Montserrat-SemiBoldItalic.ttf */,
				FF01E878264DC4DE004687E7 /* Montserrat-ExtraBoldItalic.ttf */,
			);
			path = Montserrat;
			sourceTree = "<group>";
		};
		FF0DDFC4260D3F8F003F2224 /* Resources */ = {
			isa = PBXGroup;
			children = (
				FF01E864264DC4DE004687E7 /* Fonts */,
				2B798EA32625F9ED00394FF7 /* Components */,
				FF0DDFCE260D40D3003F2224 /* Managers */,
				FF0DDFC5260D3F8F003F2224 /* Extensions */,
				FF0DDFC7260D3F8F003F2224 /* Protocols */,
				FFCC48E22620B6B70030527D /* Subclasses */,
			);
			path = Resources;
			sourceTree = "<group>";
		};
		FF0DDFC5260D3F8F003F2224 /* Extensions */ = {
			isa = PBXGroup;
			children = (
				FF0DDFE0260D491B003F2224 /* Array+extensions.swift */,
				FF0DDFE7260D4ACB003F2224 /* Dictionary+extensions.swift */,
				FF0DDFEA260D4BFF003F2224 /* String+extensions.swift */,
				FFCC48FB2620BB480030527D /* UITableView+extensions.swift */,
				FFCC48FF2620BC4C0030527D /* NSAttributedString+extensions.swift */,
				2B798EA82625FA1300394FF7 /* UIImage+extension.swift */,
				FFCC48FE2620BC4C0030527D /* NSMutableAttributedString+extensions.swift */,
				FFCC49032620BE7A0030527D /* UIView+extensions.swift */,
				FF5CB626263079760080B4B9 /* LAContext+extension.swift */,
				2B67A32026334D8F00006589 /* UIViewController+extensions.swift */,
				FF534C59264AC6360085758A /* UIColor+extensions.swift */,
				FF534C5B264AC9060085758A /* UITextField+extensions.swift */,
				FFFA72B9264ACEF60082D510 /* Bundle+extensions.swift */,
			);
			path = Extensions;
			sourceTree = "<group>";
		};
		FF0DDFC7260D3F8F003F2224 /* Protocols */ = {
			isa = PBXGroup;
			children = (
				FF0DDFC8260D3FEF003F2224 /* BackendResponse.swift */,
				2B47ADE92638E27300AA880F /* PaginationResponse.swift */,
			);
			path = Protocols;
			sourceTree = "<group>";
		};
		FF0DDFCD260D402A003F2224 /* EndpointResponses */ = {
			isa = PBXGroup;
			children = (
				2B798E852625F6D900394FF7 /* LoginResponse.swift */,
				2B798E862625F6D900394FF7 /* ProfileResponse.swift */,
				2B47ADF32638E69700AA880F /* AllUsersReponse.swift */,
			);
			path = EndpointResponses;
			sourceTree = "<group>";
		};
		FF0DDFCE260D40D3003F2224 /* Managers */ = {
			isa = PBXGroup;
			children = (
				FF0DDFCF260D40D3003F2224 /* KeychainWrapper.swift */,
				FF0DDFD0260D40D3003F2224 /* KeychainItemAccessibility.swift */,
				FFCC48E62620B7550030527D /* MessageManager.swift */,
			);
			path = Managers;
			sourceTree = "<group>";
		};
		FF0DDFD8260D47C5003F2224 /* Networking */ = {
			isa = PBXGroup;
			children = (
				FF0DDFED260D4D3E003F2224 /* Endpoints */,
				FF0DDFE3260D4943003F2224 /* Constants.swift */,
				FF0DDFDD260D48A1003F2224 /* WSAPI.swift */,
				FF0DDFD9260D47F9003F2224 /* BTSApi.swift */,
			);
			path = Networking;
			sourceTree = "<group>";
		};
		FF0DDFED260D4D3E003F2224 /* Endpoints */ = {
			isa = PBXGroup;
			children = (
				FF0DDFEE260D4D6C003F2224 /* BTSPlatformEndpoints.swift */,
			);
			path = Endpoints;
			sourceTree = "<group>";
		};
		FF0DDFF2260D5062003F2224 /* ViewModels */ = {
			isa = PBXGroup;
			children = (
				2B798E8E2625F76000394FF7 /* ProfileViewModel.swift */,
				FF0DDFF3260D50AB003F2224 /* LoginViewModel.swift */,
				2B47ADDB2638B04000AA880F /* TeamsViewModel.swift */,
			);
			path = ViewModels;
			sourceTree = "<group>";
		};
		FFCC48DD2620B58A0030527D /* Persistence */ = {
			isa = PBXGroup;
			children = (
				2B798EAB2626018300394FF7 /* Models */,
				FFCC490C2620C0420030527D /* Protocol */,
				FFCC48DE2620B59B0030527D /* RealmAPI.swift */,
			);
			path = Persistence;
			sourceTree = "<group>";
		};
		FFCC48E22620B6B70030527D /* Subclasses */ = {
			isa = PBXGroup;
			children = (
				FFCC48E32620B6BE0030527D /* Storyboard.swift */,
			);
			path = Subclasses;
			sourceTree = "<group>";
		};
		FFCC490C2620C0420030527D /* Protocol */ = {
			isa = PBXGroup;
			children = (
				FFCC490D2620C0420030527D /* Persistable.swift */,
			);
			path = Protocol;
			sourceTree = "<group>";
		};
/* End PBXGroup section */

/* Begin PBXNativeTarget section */
		2BF892F2260C012300061491 /* BTSPocket */ = {
			isa = PBXNativeTarget;
			buildConfigurationList = 2BF89307260C012700061491 /* Build configuration list for PBXNativeTarget "BTSPocket" */;
			buildPhases = (
				B9A126FF0F94D4E451B3615A /* [CP] Check Pods Manifest.lock */,
				2BF892EF260C012300061491 /* Sources */,
				2BF892F0260C012300061491 /* Frameworks */,
				2BF892F1260C012300061491 /* Resources */,
				7C3DFCF90D32237F29B40D84 /* [CP] Embed Pods Frameworks */,
			);
			buildRules = (
			);
			dependencies = (
			);
			name = BTSPocket;
			productName = BTSPocket;
			productReference = 2BF892F3260C012300061491 /* BTSPocket.app */;
			productType = "com.apple.product-type.application";
		};
/* End PBXNativeTarget section */

/* Begin PBXProject section */
		2BF892EB260C012300061491 /* Project object */ = {
			isa = PBXProject;
			attributes = {
				LastSwiftUpdateCheck = 1240;
				LastUpgradeCheck = 1240;
				TargetAttributes = {
					2BF892F2260C012300061491 = {
						CreatedOnToolsVersion = 12.4;
					};
				};
			};
			buildConfigurationList = 2BF892EE260C012300061491 /* Build configuration list for PBXProject "BTSPocket" */;
			compatibilityVersion = "Xcode 9.3";
			developmentRegion = en;
			hasScannedForEncodings = 0;
			knownRegions = (
				en,
				Base,
			);
			mainGroup = 2BF892EA260C012300061491;
			productRefGroup = 2BF892F4260C012300061491 /* Products */;
			projectDirPath = "";
			projectRoot = "";
			targets = (
				2BF892F2260C012300061491 /* BTSPocket */,
			);
		};
/* End PBXProject section */

/* Begin PBXResourcesBuildPhase section */
		2BF892F1260C012300061491 /* Resources */ = {
			isa = PBXResourcesBuildPhase;
			buildActionMask = 2147483647;
			files = (
				FF01E87C264DC4DE004687E7 /* Montserrat-Light.ttf in Resources */,
				FF01E87F264DC4DE004687E7 /* Montserrat-Thin.ttf in Resources */,
				FF01E87E264DC4DE004687E7 /* Montserrat-ExtraLight.ttf in Resources */,
				FF01E87B264DC4DE004687E7 /* Montserrat-BoldItalic.ttf in Resources */,
				2BF89303260C012700061491 /* LaunchScreen.storyboard in Resources */,
				FF01E882264DC4DE004687E7 /* Montserrat-BlackItalic.ttf in Resources */,
				FF01E879264DC4DE004687E7 /* Montserrat-LightItalic.ttf in Resources */,
				FF01E880264DC4DE004687E7 /* Montserrat-Bold.ttf in Resources */,
				FF01E887264DC4DE004687E7 /* Montserrat-Black.ttf in Resources */,
				2B798E752625F68800394FF7 /* ProfileTableViewCell.xib in Resources */,
				FF01E87D264DC4DE004687E7 /* Montserrat-ThinItalic.ttf in Resources */,
				FF01E886264DC4DE004687E7 /* OFL.txt in Resources */,
				FF01E888264DC4DE004687E7 /* Montserrat-Regular.ttf in Resources */,
				2B1BB9F12631C5E40060231F /* SkillsTableViewCell.xib in Resources */,
				FF01E881264DC4DE004687E7 /* Montserrat-MediumItalic.ttf in Resources */,
				2BF89300260C012600061491 /* Assets.xcassets in Resources */,
				FF01E889264DC4DE004687E7 /* Montserrat-Italic.ttf in Resources */,
				FF01E88B264DC4DE004687E7 /* Montserrat-ExtraBoldItalic.ttf in Resources */,
				FF01E883264DC4DE004687E7 /* Montserrat-SemiBold.ttf in Resources */,
				FF01E88A264DC4DE004687E7 /* Montserrat-SemiBoldItalic.ttf in Resources */,
				2B47ADE12638B1F500AA880F /* UserTableViewCell.xib in Resources */,
				FF01E87A264DC4DE004687E7 /* Montserrat-Medium.ttf in Resources */,
				2BF892FE260C012300061491 /* Main.storyboard in Resources */,
				FF01E885264DC4DE004687E7 /* Montserrat-ExtraBold.ttf in Resources */,
				FF01E884264DC4DE004687E7 /* Montserrat-ExtraLightItalic.ttf in Resources */,
			);
			runOnlyForDeploymentPostprocessing = 0;
		};
/* End PBXResourcesBuildPhase section */

/* Begin PBXShellScriptBuildPhase section */
		7C3DFCF90D32237F29B40D84 /* [CP] Embed Pods Frameworks */ = {
			isa = PBXShellScriptBuildPhase;
			buildActionMask = 2147483647;
			files = (
			);
			inputFileListPaths = (
				"${PODS_ROOT}/Target Support Files/Pods-BTSPocket/Pods-BTSPocket-frameworks-${CONFIGURATION}-input-files.xcfilelist",
			);
			name = "[CP] Embed Pods Frameworks";
			outputFileListPaths = (
				"${PODS_ROOT}/Target Support Files/Pods-BTSPocket/Pods-BTSPocket-frameworks-${CONFIGURATION}-output-files.xcfilelist",
			);
			runOnlyForDeploymentPostprocessing = 0;
			shellPath = /bin/sh;
			shellScript = "\"${PODS_ROOT}/Target Support Files/Pods-BTSPocket/Pods-BTSPocket-frameworks.sh\"\n";
			showEnvVarsInLog = 0;
		};
		B9A126FF0F94D4E451B3615A /* [CP] Check Pods Manifest.lock */ = {
			isa = PBXShellScriptBuildPhase;
			buildActionMask = 2147483647;
			files = (
			);
			inputFileListPaths = (
			);
			inputPaths = (
				"${PODS_PODFILE_DIR_PATH}/Podfile.lock",
				"${PODS_ROOT}/Manifest.lock",
			);
			name = "[CP] Check Pods Manifest.lock";
			outputFileListPaths = (
			);
			outputPaths = (
				"$(DERIVED_FILE_DIR)/Pods-BTSPocket-checkManifestLockResult.txt",
			);
			runOnlyForDeploymentPostprocessing = 0;
			shellPath = /bin/sh;
			shellScript = "diff \"${PODS_PODFILE_DIR_PATH}/Podfile.lock\" \"${PODS_ROOT}/Manifest.lock\" > /dev/null\nif [ $? != 0 ] ; then\n    # print error to STDERR\n    echo \"error: The sandbox is not in sync with the Podfile.lock. Run 'pod install' or update your CocoaPods installation.\" >&2\n    exit 1\nfi\n# This output is used by Xcode 'outputs' to avoid re-running this script phase.\necho \"SUCCESS\" > \"${SCRIPT_OUTPUT_FILE_0}\"\n";
			showEnvVarsInLog = 0;
		};
/* End PBXShellScriptBuildPhase section */

/* Begin PBXSourcesBuildPhase section */
		2BF892EF260C012300061491 /* Sources */ = {
			isa = PBXSourcesBuildPhase;
			buildActionMask = 2147483647;
			files = (
				2B798E802625F6C100394FF7 /* Permissions.swift in Sources */,
				2B798E872625F6DA00394FF7 /* LoginResponse.swift in Sources */,
				FF0DDFE8260D4ACB003F2224 /* Dictionary+extensions.swift in Sources */,
				FF534C5A264AC6360085758A /* UIColor+extensions.swift in Sources */,
				FF534C5C264AC9060085758A /* UITextField+extensions.swift in Sources */,
				2B47ADDC2638B04000AA880F /* TeamsViewModel.swift in Sources */,
				FFCC490E2620C0420030527D /* Persistable.swift in Sources */,
				2B798E832625F6CD00394FF7 /* Experience.swift in Sources */,
				2B1BB9F02631C5E40060231F /* SkillsTableViewCell.swift in Sources */,
				FF0DDFDE260D48A1003F2224 /* WSAPI.swift in Sources */,
				2B798E742625F68800394FF7 /* ProfileTableViewCell.swift in Sources */,
				FFCC48E42620B6BE0030527D /* Storyboard.swift in Sources */,
				2BF89320260CE20900061491 /* Login.swift in Sources */,
				2BF89350260D225400061491 /* ProjectsViewController.swift in Sources */,
				2B47ADF12638E48200AA880F /* PaginationAllUsers.swift in Sources */,
				FF0DDFEF260D4D6C003F2224 /* BTSPlatformEndpoints.swift in Sources */,
				2B47ADE72638E22400AA880F /* User.swift in Sources */,
				2BC591ED2627443C00F9A6EA /* ExperienceRealm.swift in Sources */,
				2BF8930F260C07B800061491 /* LoginViewController.swift in Sources */,
				2B798E7E2625F6C100394FF7 /* Skill.swift in Sources */,
				2BF892F7260C012300061491 /* AppDelegate.swift in Sources */,
				2B798E882625F6DA00394FF7 /* ProfileResponse.swift in Sources */,
				FF0DDFD2260D40D3003F2224 /* KeychainItemAccessibility.swift in Sources */,
				2B798EAD262601B500394FF7 /* ProfileDataRealm.swift in Sources */,
				FF0DDFF4260D50AB003F2224 /* LoginViewModel.swift in Sources */,
				2BF89346260D217C00061491 /* ProfileViewController.swift in Sources */,
				2B798EA62625F9ED00394FF7 /* Alert.swift in Sources */,
				FF0DDFEB260D4BFF003F2224 /* String+extensions.swift in Sources */,
				FF0DDFE4260D4943003F2224 /* Constants.swift in Sources */,
				FF0DDFC9260D3FEF003F2224 /* BackendResponse.swift in Sources */,
				2B67A32126334D8F00006589 /* UIViewController+extensions.swift in Sources */,
				2B798E7F2625F6C100394FF7 /* ProfileData.swift in Sources */,
				2BF89339260D0D6A00061491 /* HomeTabBarController.swift in Sources */,
				FFCC48E72620B7550030527D /* MessageManager.swift in Sources */,
				2B47ADE02638B1F500AA880F /* UserTableViewCell.swift in Sources */,
				FFCC49002620BC4C0030527D /* NSMutableAttributedString+extensions.swift in Sources */,
				FFCC48DF2620B59B0030527D /* RealmAPI.swift in Sources */,
				FFCC49012620BC4C0030527D /* NSAttributedString+extensions.swift in Sources */,
				FFCC48FC2620BB480030527D /* UITableView+extensions.swift in Sources */,
				2B47ADEA2638E27300AA880F /* PaginationResponse.swift in Sources */,
				2BF892F9260C012300061491 /* SceneDelegate.swift in Sources */,
				FF0DDFDA260D47F9003F2224 /* BTSApi.swift in Sources */,
				2BC591F42627493F00F9A6EA /* SkillRealm.swift in Sources */,
				FFCC49042620BE7A0030527D /* UIView+extensions.swift in Sources */,
				2B47ADF42638E69700AA880F /* AllUsersReponse.swift in Sources */,
				2BF8934B260D21AF00061491 /* TeamViewController.swift in Sources */,
				FF0DDFD1260D40D3003F2224 /* KeychainWrapper.swift in Sources */,
				2B798EA92625FA1300394FF7 /* UIImage+extension.swift in Sources */,
				2BF89355260D227B00061491 /* TimesheetViewController.swift in Sources */,
				FF0DDFE1260D491B003F2224 /* Array+extensions.swift in Sources */,
				FF5CB627263079760080B4B9 /* LAContext+extension.swift in Sources */,
				FFFA72BA264ACEF60082D510 /* Bundle+extensions.swift in Sources */,
				2B798E8F2625F76000394FF7 /* ProfileViewModel.swift in Sources */,
				2B798E7C2625F6C100394FF7 /* LoginData.swift in Sources */,
			);
			runOnlyForDeploymentPostprocessing = 0;
		};
/* End PBXSourcesBuildPhase section */

/* Begin PBXVariantGroup section */
		2BF892FC260C012300061491 /* Main.storyboard */ = {
			isa = PBXVariantGroup;
			children = (
				2BF892FD260C012300061491 /* Base */,
			);
			name = Main.storyboard;
			sourceTree = "<group>";
		};
		2BF89301260C012700061491 /* LaunchScreen.storyboard */ = {
			isa = PBXVariantGroup;
			children = (
				2BF89302260C012700061491 /* Base */,
			);
			name = LaunchScreen.storyboard;
			sourceTree = "<group>";
		};
/* End PBXVariantGroup section */

/* Begin XCBuildConfiguration section */
		2BF89305260C012700061491 /* Debug */ = {
			isa = XCBuildConfiguration;
			buildSettings = {
				ALWAYS_SEARCH_USER_PATHS = NO;
				CLANG_ANALYZER_NONNULL = YES;
				CLANG_ANALYZER_NUMBER_OBJECT_CONVERSION = YES_AGGRESSIVE;
				CLANG_CXX_LANGUAGE_STANDARD = "gnu++14";
				CLANG_CXX_LIBRARY = "libc++";
				CLANG_ENABLE_MODULES = YES;
				CLANG_ENABLE_OBJC_ARC = YES;
				CLANG_ENABLE_OBJC_WEAK = YES;
				CLANG_WARN_BLOCK_CAPTURE_AUTORELEASING = YES;
				CLANG_WARN_BOOL_CONVERSION = YES;
				CLANG_WARN_COMMA = YES;
				CLANG_WARN_CONSTANT_CONVERSION = YES;
				CLANG_WARN_DEPRECATED_OBJC_IMPLEMENTATIONS = YES;
				CLANG_WARN_DIRECT_OBJC_ISA_USAGE = YES_ERROR;
				CLANG_WARN_DOCUMENTATION_COMMENTS = YES;
				CLANG_WARN_EMPTY_BODY = YES;
				CLANG_WARN_ENUM_CONVERSION = YES;
				CLANG_WARN_INFINITE_RECURSION = YES;
				CLANG_WARN_INT_CONVERSION = YES;
				CLANG_WARN_NON_LITERAL_NULL_CONVERSION = YES;
				CLANG_WARN_OBJC_IMPLICIT_RETAIN_SELF = YES;
				CLANG_WARN_OBJC_LITERAL_CONVERSION = YES;
				CLANG_WARN_OBJC_ROOT_CLASS = YES_ERROR;
				CLANG_WARN_QUOTED_INCLUDE_IN_FRAMEWORK_HEADER = YES;
				CLANG_WARN_RANGE_LOOP_ANALYSIS = YES;
				CLANG_WARN_STRICT_PROTOTYPES = YES;
				CLANG_WARN_SUSPICIOUS_MOVE = YES;
				CLANG_WARN_UNGUARDED_AVAILABILITY = YES_AGGRESSIVE;
				CLANG_WARN_UNREACHABLE_CODE = YES;
				CLANG_WARN__DUPLICATE_METHOD_MATCH = YES;
				COPY_PHASE_STRIP = NO;
				DEBUG_INFORMATION_FORMAT = dwarf;
				ENABLE_STRICT_OBJC_MSGSEND = YES;
				ENABLE_TESTABILITY = YES;
				GCC_C_LANGUAGE_STANDARD = gnu11;
				GCC_DYNAMIC_NO_PIC = NO;
				GCC_NO_COMMON_BLOCKS = YES;
				GCC_OPTIMIZATION_LEVEL = 0;
				GCC_PREPROCESSOR_DEFINITIONS = (
					"DEBUG=1",
					"$(inherited)",
				);
				GCC_WARN_64_TO_32_BIT_CONVERSION = YES;
				GCC_WARN_ABOUT_RETURN_TYPE = YES_ERROR;
				GCC_WARN_UNDECLARED_SELECTOR = YES;
				GCC_WARN_UNINITIALIZED_AUTOS = YES_AGGRESSIVE;
				GCC_WARN_UNUSED_FUNCTION = YES;
				GCC_WARN_UNUSED_VARIABLE = YES;
				IPHONEOS_DEPLOYMENT_TARGET = 13.0;
				MTL_ENABLE_DEBUG_INFO = INCLUDE_SOURCE;
				MTL_FAST_MATH = YES;
				ONLY_ACTIVE_ARCH = YES;
				SDKROOT = iphoneos;
				SWIFT_ACTIVE_COMPILATION_CONDITIONS = DEBUG;
				SWIFT_OPTIMIZATION_LEVEL = "-Onone";
			};
			name = Debug;
		};
		2BF89306260C012700061491 /* Release */ = {
			isa = XCBuildConfiguration;
			buildSettings = {
				ALWAYS_SEARCH_USER_PATHS = NO;
				CLANG_ANALYZER_NONNULL = YES;
				CLANG_ANALYZER_NUMBER_OBJECT_CONVERSION = YES_AGGRESSIVE;
				CLANG_CXX_LANGUAGE_STANDARD = "gnu++14";
				CLANG_CXX_LIBRARY = "libc++";
				CLANG_ENABLE_MODULES = YES;
				CLANG_ENABLE_OBJC_ARC = YES;
				CLANG_ENABLE_OBJC_WEAK = YES;
				CLANG_WARN_BLOCK_CAPTURE_AUTORELEASING = YES;
				CLANG_WARN_BOOL_CONVERSION = YES;
				CLANG_WARN_COMMA = YES;
				CLANG_WARN_CONSTANT_CONVERSION = YES;
				CLANG_WARN_DEPRECATED_OBJC_IMPLEMENTATIONS = YES;
				CLANG_WARN_DIRECT_OBJC_ISA_USAGE = YES_ERROR;
				CLANG_WARN_DOCUMENTATION_COMMENTS = YES;
				CLANG_WARN_EMPTY_BODY = YES;
				CLANG_WARN_ENUM_CONVERSION = YES;
				CLANG_WARN_INFINITE_RECURSION = YES;
				CLANG_WARN_INT_CONVERSION = YES;
				CLANG_WARN_NON_LITERAL_NULL_CONVERSION = YES;
				CLANG_WARN_OBJC_IMPLICIT_RETAIN_SELF = YES;
				CLANG_WARN_OBJC_LITERAL_CONVERSION = YES;
				CLANG_WARN_OBJC_ROOT_CLASS = YES_ERROR;
				CLANG_WARN_QUOTED_INCLUDE_IN_FRAMEWORK_HEADER = YES;
				CLANG_WARN_RANGE_LOOP_ANALYSIS = YES;
				CLANG_WARN_STRICT_PROTOTYPES = YES;
				CLANG_WARN_SUSPICIOUS_MOVE = YES;
				CLANG_WARN_UNGUARDED_AVAILABILITY = YES_AGGRESSIVE;
				CLANG_WARN_UNREACHABLE_CODE = YES;
				CLANG_WARN__DUPLICATE_METHOD_MATCH = YES;
				COPY_PHASE_STRIP = NO;
				DEBUG_INFORMATION_FORMAT = "dwarf-with-dsym";
				ENABLE_NS_ASSERTIONS = NO;
				ENABLE_STRICT_OBJC_MSGSEND = YES;
				GCC_C_LANGUAGE_STANDARD = gnu11;
				GCC_NO_COMMON_BLOCKS = YES;
				GCC_WARN_64_TO_32_BIT_CONVERSION = YES;
				GCC_WARN_ABOUT_RETURN_TYPE = YES_ERROR;
				GCC_WARN_UNDECLARED_SELECTOR = YES;
				GCC_WARN_UNINITIALIZED_AUTOS = YES_AGGRESSIVE;
				GCC_WARN_UNUSED_FUNCTION = YES;
				GCC_WARN_UNUSED_VARIABLE = YES;
				IPHONEOS_DEPLOYMENT_TARGET = 13.0;
				MTL_ENABLE_DEBUG_INFO = NO;
				MTL_FAST_MATH = YES;
				SDKROOT = iphoneos;
				SWIFT_COMPILATION_MODE = wholemodule;
				SWIFT_OPTIMIZATION_LEVEL = "-O";
				VALIDATE_PRODUCT = YES;
			};
			name = Release;
		};
		2BF89308260C012700061491 /* Debug */ = {
			isa = XCBuildConfiguration;
			baseConfigurationReference = BF25BEADE97BBAD938413DEB /* Pods-BTSPocket.debug.xcconfig */;
			buildSettings = {
				ASSETCATALOG_COMPILER_APPICON_NAME = AppIcon;
				ASSETCATALOG_COMPILER_GLOBAL_ACCENT_COLOR_NAME = AccentColor;
				CODE_SIGN_STYLE = Automatic;
				DEVELOPMENT_TEAM = JLWHA6949H;
				INFOPLIST_FILE = BTSPocket/Info.plist;
				IPHONEOS_DEPLOYMENT_TARGET = 13.0;
				LD_RUNPATH_SEARCH_PATHS = (
					"$(inherited)",
					"@executable_path/Frameworks",
				);
				PRODUCT_BUNDLE_IDENTIFIER = com.BlueTrailSoftware.BTSPocket;
				PRODUCT_NAME = "$(TARGET_NAME)";
				SWIFT_VERSION = 5.0;
				TARGETED_DEVICE_FAMILY = 1;
			};
			name = Debug;
		};
		2BF89309260C012700061491 /* Release */ = {
			isa = XCBuildConfiguration;
			baseConfigurationReference = 564EA659F6833BAABE1829D6 /* Pods-BTSPocket.release.xcconfig */;
			buildSettings = {
				ASSETCATALOG_COMPILER_APPICON_NAME = AppIcon;
				ASSETCATALOG_COMPILER_GLOBAL_ACCENT_COLOR_NAME = AccentColor;
				CODE_SIGN_STYLE = Automatic;
				DEVELOPMENT_TEAM = JLWHA6949H;
				INFOPLIST_FILE = BTSPocket/Info.plist;
				IPHONEOS_DEPLOYMENT_TARGET = 13.0;
				LD_RUNPATH_SEARCH_PATHS = (
					"$(inherited)",
					"@executable_path/Frameworks",
				);
				PRODUCT_BUNDLE_IDENTIFIER = com.BlueTrailSoftware.BTSPocket;
				PRODUCT_NAME = "$(TARGET_NAME)";
				SWIFT_VERSION = 5.0;
				TARGETED_DEVICE_FAMILY = 1;
			};
			name = Release;
		};
/* End XCBuildConfiguration section */

/* Begin XCConfigurationList section */
		2BF892EE260C012300061491 /* Build configuration list for PBXProject "BTSPocket" */ = {
			isa = XCConfigurationList;
			buildConfigurations = (
				2BF89305260C012700061491 /* Debug */,
				2BF89306260C012700061491 /* Release */,
			);
			defaultConfigurationIsVisible = 0;
			defaultConfigurationName = Release;
		};
		2BF89307260C012700061491 /* Build configuration list for PBXNativeTarget "BTSPocket" */ = {
			isa = XCConfigurationList;
			buildConfigurations = (
				2BF89308260C012700061491 /* Debug */,
				2BF89309260C012700061491 /* Release */,
			);
			defaultConfigurationIsVisible = 0;
			defaultConfigurationName = Release;
		};
/* End XCConfigurationList section */
	};
	rootObject = 2BF892EB260C012300061491 /* Project object */;
}
